
Microsoft Visual Studio Solution File, Format Version 12.00
# Visual Studio Version 17
VisualStudioVersion = 17.7.34031.279
MinimumVisualStudioVersion = 10.0.40219.1
Project("{9A19103F-16F7-4668-BE54-9A1E7A4F7556}") = "Movie.Domain", "Movie.Domain\Movie.Domain.csproj", "{67A7F681-2A40-49F4-BA6A-C24A91A9CCE4}"
EndProject
Project("{9A19103F-16F7-4668-BE54-9A1E7A4F7556}") = "Movie.DataAccess", "Movie.DataAccess\Movie.DataAccess.csproj", "{8B24BC5A-88D2-46F3-B314-F25F7D7E44A4}"
EndProject
Project("{9A19103F-16F7-4668-BE54-9A1E7A4F7556}") = "Movie.DataAccess.Test", "Movie.DataAccess.Test\Movie.DataAccess.Test.csproj", "{4A2AA554-E2A6-482D-90AE-27C9DE387C90}"
EndProject
Project("{9A19103F-16F7-4668-BE54-9A1E7A4F7556}") = "Movie.Services", "Movie.Services\Movie.Services.csproj", "{5425F053-D90F-4171-BE54-4B03C301CE4A}"
EndProject
Project("{9A19103F-16F7-4668-BE54-9A1E7A4F7556}") = "Movie.Services.Test", "Movie.Services.Test\Movie.Services.Test.csproj", "{AA4ACC52-8C14-4FDD-ACB2-0311510AB9B2}"
EndProject
Project("{9A19103F-16F7-4668-BE54-9A1E7A4F7556}") = "Movie.App.Test", "Movie.App.Test\Movie.App.Test.csproj", "{6BDDBB6E-3C2C-459B-B483-0B34E1ED55D0}"
EndProject
Project("{9A19103F-16F7-4668-BE54-9A1E7A4F7556}") = "Movie.App", "Movie.App\Movie.App.csproj", "{4A2EB152-A78B-431A-B50D-D5458C35BD8D}"
EndProject
Project("{FAE04EC0-301F-11D3-BF4B-00C04F79EFBC}") = "Movie.Shared", "Movie.Shared\Movie.Shared.csproj", "{58433DBC-28E7-4E19-B807-67FE2F103FA6}"
EndProject
Global
	GlobalSection(SolutionConfigurationPlatforms) = preSolution
		Debug|Any CPU = Debug|Any CPU
		Release|Any CPU = Release|Any CPU
	EndGlobalSection
	GlobalSection(ProjectConfigurationPlatforms) = postSolution
		{67A7F681-2A40-49F4-BA6A-C24A91A9CCE4}.Debug|Any CPU.ActiveCfg = Debug|Any CPU
		{67A7F681-2A40-49F4-BA6A-C24A91A9CCE4}.Debug|Any CPU.Build.0 = Debug|Any CPU
		{67A7F681-2A40-49F4-BA6A-C24A91A9CCE4}.Release|Any CPU.ActiveCfg = Release|Any CPU
		{67A7F681-2A40-49F4-BA6A-C24A91A9CCE4}.Release|Any CPU.Build.0 = Release|Any CPU
		{8B24BC5A-88D2-46F3-B314-F25F7D7E44A4}.Debug|Any CPU.ActiveCfg = Debug|Any CPU
		{8B24BC5A-88D2-46F3-B314-F25F7D7E44A4}.Debug|Any CPU.Build.0 = Debug|Any CPU
		{8B24BC5A-88D2-46F3-B314-F25F7D7E44A4}.Release|Any CPU.ActiveCfg = Release|Any CPU
		{8B24BC5A-88D2-46F3-B314-F25F7D7E44A4}.Release|Any CPU.Build.0 = Release|Any CPU
		{4A2AA554-E2A6-482D-90AE-27C9DE387C90}.Debug|Any CPU.ActiveCfg = Debug|Any CPU
		{4A2AA554-E2A6-482D-90AE-27C9DE387C90}.Debug|Any CPU.Build.0 = Debug|Any CPU
		{4A2AA554-E2A6-482D-90AE-27C9DE387C90}.Release|Any CPU.ActiveCfg = Release|Any CPU
		{4A2AA554-E2A6-482D-90AE-27C9DE387C90}.Release|Any CPU.Build.0 = Release|Any CPU
		{5425F053-D90F-4171-BE54-4B03C301CE4A}.Debug|Any CPU.ActiveCfg = Debug|Any CPU
		{5425F053-D90F-4171-BE54-4B03C301CE4A}.Debug|Any CPU.Build.0 = Debug|Any CPU
		{5425F053-D90F-4171-BE54-4B03C301CE4A}.Release|Any CPU.ActiveCfg = Release|Any CPU
		{5425F053-D90F-4171-BE54-4B03C301CE4A}.Release|Any CPU.Build.0 = Release|Any CPU
		{AA4ACC52-8C14-4FDD-ACB2-0311510AB9B2}.Debug|Any CPU.ActiveCfg = Debug|Any CPU
		{AA4ACC52-8C14-4FDD-ACB2-0311510AB9B2}.Debug|Any CPU.Build.0 = Debug|Any CPU
		{AA4ACC52-8C14-4FDD-ACB2-0311510AB9B2}.Release|Any CPU.ActiveCfg = Release|Any CPU
		{AA4ACC52-8C14-4FDD-ACB2-0311510AB9B2}.Release|Any CPU.Build.0 = Release|Any CPU
		{6BDDBB6E-3C2C-459B-B483-0B34E1ED55D0}.Debug|Any CPU.ActiveCfg = Debug|Any CPU
		{6BDDBB6E-3C2C-459B-B483-0B34E1ED55D0}.Debug|Any CPU.Build.0 = Debug|Any CPU
		{6BDDBB6E-3C2C-459B-B483-0B34E1ED55D0}.Release|Any CPU.ActiveCfg = Release|Any CPU
		{6BDDBB6E-3C2C-459B-B483-0B34E1ED55D0}.Release|Any CPU.Build.0 = Release|Any CPU
		{4A2EB152-A78B-431A-B50D-D5458C35BD8D}.Debug|Any CPU.ActiveCfg = Debug|Any CPU
		{4A2EB152-A78B-431A-B50D-D5458C35BD8D}.Debug|Any CPU.Build.0 = Debug|Any CPU
		{4A2EB152-A78B-431A-B50D-D5458C35BD8D}.Release|Any CPU.ActiveCfg = Release|Any CPU
		{4A2EB152-A78B-431A-B50D-D5458C35BD8D}.Release|Any CPU.Build.0 = Release|Any CPU
		{58433DBC-28E7-4E19-B807-67FE2F103FA6}.Debug|Any CPU.ActiveCfg = Debug|Any CPU
		{58433DBC-28E7-4E19-B807-67FE2F103FA6}.Debug|Any CPU.Build.0 = Debug|Any CPU
		{58433DBC-28E7-4E19-B807-67FE2F103FA6}.Release|Any CPU.ActiveCfg = Release|Any CPU
		{58433DBC-28E7-4E19-B807-67FE2F103FA6}.Release|Any CPU.Build.0 = Release|Any CPU
	EndGlobalSection
	GlobalSection(SolutionProperties) = preSolution
		HideSolutionNode = FALSE
	EndGlobalSection
	GlobalSection(ExtensibilityGlobals) = postSolution
		SolutionGuid = {F4846F11-FAAD-4F17-A5E3-C8656AAC49E0}
	EndGlobalSection
EndGlobal
